{
  "name": "chronos_scheduler",
  "lockfileVersion": 3,
  "requires": true,
  "packages": {
    "": {
      "dependencies": {
        "glpk.js": "^4.0.2",
        "papaparse": "^5.5.3",
        "xlsx": "^0.18.5"
      },
      "devDependencies": {
        "@playwright/test": "^1.55.0",
        "@types/node": "^24.5.2",
        "typescript": "^5.9.2",
        "vite": "^7.1.5",
        "vitest": "^3.2.4"
      }
    }
  }
}
